
Microsoft Visual Studio Solution File, Format Version 12.00
# Visual Studio Version 17
VisualStudioVersion = 17.1.32421.90
MinimumVisualStudioVersion = 10.0.40219.1
Project("{FAE04EC0-301F-11D3-BF4B-00C04F79EFBC}") = "csharp-biblioteca", "csharp-biblioteca.csproj", "{017028D1-88F1-4C3E-89FF-19B2F072616B}"
EndProject
Global
	GlobalSection(SolutionConfigurationPlatforms) = preSolution
		Debug|Any CPU = Debug|Any CPU
		Release|Any CPU = Release|Any CPU
	EndGlobalSection
	GlobalSection(ProjectConfigurationPlatforms) = postSolution
		{017028D1-88F1-4C3E-89FF-19B2F072616B}.Debug|Any CPU.ActiveCfg = Debug|Any CPU
		{017028D1-88F1-4C3E-89FF-19B2F072616B}.Debug|Any CPU.Build.0 = Debug|Any CPU
		{017028D1-88F1-4C3E-89FF-19B2F072616B}.Release|Any CPU.ActiveCfg = Release|Any CPU
		{017028D1-88F1-4C3E-89FF-19B2F072616B}.Release|Any CPU.Build.0 = Release|Any CPU
	EndGlobalSection
	GlobalSection(SolutionProperties) = preSolution
		HideSolutionNode = FALSE
	EndGlobalSection
	GlobalSection(ExtensibilityGlobals) = postSolution
		SolutionGuid = {18F0C959-3275-4B15-85D9-F9C5AE3B3013}
	EndGlobalSection
EndGlobal
